{"1.1.0",
[{<<"basho_bench">>,
  {git,"git://github.com/DeadZen/basho_bench",
       {ref,"6e8006e14c658956aadaa6fb58b7debae96ce422"}},
  0},
 {<<"bear">>,
  {git,"git://github.com/boundary/bear.git",
       {ref,"b1882d7ee88e775d961a2678e4fafecef7f77705"}},
  2},
 {<<"casbench">>,
  {git,"git://github.com/basho/casbench",
       {ref,"95ed55b494551577870984aeb1e0f683631a326f"}},
  1},
 {<<"cqerl">>,
  {git,"git://github.com/matehat/cqerl.git",
       {ref,"16021593c866ca314acd0ba6858194ed44a362b3"}},
  1},
 {<<"folsom">>,
  {git,"git://github.com/basho/folsom.git",
       {ref,"b58f9396e4c2275562baf49890ac058fe77ac1ce"}},
  1},
 {<<"getopt">>,
  {git,"git://github.com/jcomellas/getopt",
       {ref,"388dc95caa7fb97ec7db8cfc39246a36aba61bd8"}},
  1},
 {<<"goldrush">>,{pkg,<<"goldrush">>,<<"0.1.9">>},2},
 {<<"hamcrest">>,
  {git,"https://github.com/basho/hamcrest-erlang.git",
       {ref,"ad3dbab419762fc2d5821abb88b989da006b85c6"}},
  3},
 {<<"ibrowse">>,
  {git,"git://github.com/cmullaparthi/ibrowse.git",
       {ref,"e8ae353c16d4f0897abb9f80025b52925b974dd1"}},
  1},
 {<<"lager">>,
  {git,"git://github.com/erlang-lager/lager",
       {ref,"c3970a99131c7c73de7eba3c2a569806fe47e40a"}},
  1},
 {<<"lz4">>,
  {git,"https://github.com/szktty/erlang-lz4.git",
       {ref,"6bc5efe93bab327788bcde24374f16044b549dd8"}},
  2},
 {<<"meck">>,
  {git,"git://github.com/basho/meck.git",
       {ref,"dde759050eff19a1a80fd854d7375174b191665d"}},
  2},
 {<<"mochiweb">>,
  {git,"git://github.com/basho/mochiweb",
       {ref,"9090c7942f9dcde4ddbf9f78429e289ff5600c18"}},
  1},
 {<<"node_package">>,
  {git,"git://github.com/basho/node_package",
       {ref,"a56fe9b021e3543a24fdfc98f1c16704b41e62c6"}},
  1},
 {<<"pooler">>,
  {git,"https://github.com/seth/pooler.git",
       {ref,"521f568bf9a2ccbe7c7e0fc23f24cd06ec559b79"}},
  2},
 {<<"quickrand">>,
  {git,"https://github.com/okeuday/quickrand.git",
       {ref,"336c0d94a6a384f307183b3c14fc2112656dac37"}},
  3},
 {<<"riak_pb">>,
  {git,"https://github.com/basho/riak_pb",
       {ref,"08771aba2ce4935b715d32d1b92555efdc3da994"}},
  2},
 {<<"riakc">>,
  {git,"git://github.com/DeadZen/riak-erlang-client",
       {ref,"e3174132f8876af054a5fd7ea67a4f9ec5f9e36c"}},
  1},
 {<<"semver">>,
  {git,"https://github.com/nebularis/semver.git",
       {ref,"c7d509f38298ec6594be4efdcd8a8f2322760039"}},
  2},
 {<<"snappy">>,
  {git,"https://github.com/fdmanana/snappy-erlang-nif.git",
       {ref,"4e3b8611b6a1ff85a417b0f2fad8886c9485810e"}},
  2},
 {<<"uuid">>,
  {git,"https://github.com/okeuday/uuid.git",
       {ref,"27219e393d22b11f3e7ac3ebb1a1858e5bab7aef"}},
  2}]}.
[
{pkg_hash,[
 {<<"goldrush">>, <<"F06E5D5F1277DA5C413E84D5A2924174182FB108DABB39D5EC548B27424CD106">>}]}
].
